
Microsoft Visual Studio Solution File, Format Version 12.00
# Visual Studio 15
VisualStudioVersion = 15.0.26430.12
MinimumVisualStudioVersion = 10.0.40219.1
Project("{FAE04EC0-301F-11D3-BF4B-00C04F79EFBC}") = "RestMock", "src\RestMock\RestMock.csproj", "{CE2F79B1-451C-442F-8B74-3C13DFE37FF9}"
EndProject
Project("{9A19103F-16F7-4668-BE54-9A1E7A4F7556}") = "RestMock.Tests", "tests\RestMock.Tests.csproj", "{5EA50AA4-712B-4337-803E-40676CEBFF4D}"
EndProject
Global
	GlobalSection(SolutionConfigurationPlatforms) = preSolution
		Debug|Any CPU = Debug|Any CPU
		Release|Any CPU = Release|Any CPU
	EndGlobalSection
	GlobalSection(ProjectConfigurationPlatforms) = postSolution
		{CE2F79B1-451C-442F-8B74-3C13DFE37FF9}.Debug|Any CPU.ActiveCfg = Debug|Any CPU
		{CE2F79B1-451C-442F-8B74-3C13DFE37FF9}.Debug|Any CPU.Build.0 = Debug|Any CPU
		{CE2F79B1-451C-442F-8B74-3C13DFE37FF9}.Release|Any CPU.ActiveCfg = Release|Any CPU
		{CE2F79B1-451C-442F-8B74-3C13DFE37FF9}.Release|Any CPU.Build.0 = Release|Any CPU
		{5EA50AA4-712B-4337-803E-40676CEBFF4D}.Debug|Any CPU.ActiveCfg = Debug|Any CPU
		{5EA50AA4-712B-4337-803E-40676CEBFF4D}.Debug|Any CPU.Build.0 = Debug|Any CPU
		{5EA50AA4-712B-4337-803E-40676CEBFF4D}.Release|Any CPU.ActiveCfg = Release|Any CPU
		{5EA50AA4-712B-4337-803E-40676CEBFF4D}.Release|Any CPU.Build.0 = Release|Any CPU
	EndGlobalSection
	GlobalSection(SolutionProperties) = preSolution
		HideSolutionNode = FALSE
	EndGlobalSection
EndGlobal
